schema: '2.0'
stages:
  get_data:
    cmd: python3 scripts/data.py
    deps:
    - path: scripts/data.py
      hash: md5
      md5: 72516045625c20362ea7d84b561710ee
      size: 1488
    params:
      params.yaml:
        index_col: customer_id
    outs:
    - path: data/initial_data.csv
      hash: md5
      md5: 391bd9f6267d5921ccbcc18244856575
      size: 822095
      cloud:
        my_storage:
          etag: 391bd9f6267d5921ccbcc18244856575
          version_id: 00061F93D2C1D42F
  fit_model:
    cmd: python3 scripts/fit.py
    deps:
    - path: data/initial_data.csv
      hash: md5
      md5: 391bd9f6267d5921ccbcc18244856575
      size: 822095
    - path: scripts/fit.py
      hash: md5
      md5: ca6f7c59f94eb6ae6cf8f1999d7a8e26
      size: 1596
    params:
      params.yaml:
        auto_class_weights: Balanced
        index_col: customer_id
        one_hot_drop: if_binary
        target_col: target
    outs:
    - path: models/fitted_model.pkl
      hash: md5
      md5: 72bc1ed79dbb17e14957aed70df5366b
      size: 11294
      cloud:
        my_storage:
          etag: 72bc1ed79dbb17e14957aed70df5366b
          version_id: 00061F95C765F45B
  evaluate_model:
    cmd: python3 scripts/evaluate.py
    deps:
    - path: models/fitted_model.pkl
      hash: md5
      md5: 72bc1ed79dbb17e14957aed70df5366b
      size: 11294
    - path: scripts/evaluate.py
      hash: md5
      md5: ab2a88d6808b0f067e94bb2b752cff5a
      size: 1405
    params:
      params.yaml:
        index_col: customer_id
        metrics:
        - f1
        - roc_auc
        n_jobs: -1
        n_splits: 5
        target_col: target
    outs:
    - path: cv_results/cv_res.json
      hash: md5
      md5: 087319a304fd74355c9ebaa7c32febb5
      size: 94
      cloud:
        my_storage:
          etag: 087319a304fd74355c9ebaa7c32febb5
          version_id: 00061F95C765B142
